{
    "_readme": [
        "This file locks the dependencies of your project to a known state",
        "Read more about it at https://getcomposer.org/doc/01-basic-usage.md#composer-lock-the-lock-file",
        "This file is @generated automatically"
    ],
    "hash": "c38c2c63c4b25b9a96c7d0fede32119f",
    "content-hash": "fc4a130392318a0d670a5a89de9765c1",
    "packages": [
        {
            "name": "atk4/atk4",
            "version": "4.3.2",
            "source": {
                "type": "git",
                "url": "https://github.com/atk4/atk4.git",
                "reference": "09fc88103a65c74abc6b1db4f51f5963b68dab9a"
            },
            "dist": {
                "type": "zip",
                "url": "https://api.github.com/repos/atk4/atk4/zipball/09fc88103a65c74abc6b1db4f51f5963b68dab9a",
                "reference": "09fc88103a65c74abc6b1db4f51f5963b68dab9a",
                "shasum": ""
            },
            "type": "library",
            "autoload": {
                "psr-0": {
                    "": "lib/"
                },
                "files": [
                    "/lib/static.php"
                ]
            },
            "notification-url": "https://packagist.org/downloads/",
            "license": [
                "MIT"
            ],
            "homepage": "https://agiletoolkit.org/",
            "keywords": [
                "atk4",
                "framework"
            ],
            "time": "2016-02-28 13:38:32"
        },
        {
            "name": "educoder/pest",
            "version": "1.0.0",
            "source": {
                "type": "git",
                "url": "https://github.com/educoder/pest.git",
                "reference": "7c4d24d6aafc4ebac711c73cc8797d9b1779525b"
            },
            "dist": {
                "type": "zip",
                "url": "https://api.github.com/repos/educoder/pest/zipball/7c4d24d6aafc4ebac711c73cc8797d9b1779525b",
                "reference": "7c4d24d6aafc4ebac711c73cc8797d9b1779525b",
                "shasum": ""
            },
            "require": {
                "lib-curl": "*",
                "php": ">=5.2"
            },
            "type": "library",
            "autoload": {
                "classmap": [
                    ""
                ]
            },
            "notification-url": "https://packagist.org/downloads/",
            "license": [
                "MIT"
            ],
            "authors": [
                {
                    "name": "Matt Zukowski",
                    "email": "matt@zukowski.ca"
                },
                {
                    "name": "Donald Sipe",
                    "email": "donald.sipe@gmail.com"
                }
            ],
            "description": "A proper REST client for PHP.",
            "homepage": "https://github.com/educoder/pest",
            "time": "2013-11-17 12:58:01"
        },
        {
            "name": "phpmailer/phpmailer",
            "version": "v5.2.23",
            "source": {
                "type": "git",
                "url": "https://github.com/PHPMailer/PHPMailer.git",
                "reference": "7115df4a6f76281109ebe352900c42403b728bb4"
            },
            "dist": {
                "type": "zip",
                "url": "https://api.github.com/repos/PHPMailer/PHPMailer/zipball/7115df4a6f76281109ebe352900c42403b728bb4",
                "reference": "7115df4a6f76281109ebe352900c42403b728bb4",
                "shasum": ""
            },
            "require": {
                "php": ">=5.0.0"
            },
            "require-dev": {
                "doctrine/annotations": "1.2.*",
                "jms/serializer": "0.16.*",
                "phpdocumentor/phpdocumentor": "2.*",
                "phpunit/phpunit": "4.8.*",
                "symfony/debug": "2.8.*",
                "symfony/filesystem": "2.8.*",
                "symfony/translation": "2.8.*",
                "symfony/yaml": "2.8.*",
                "zendframework/zend-cache": "2.5.1",
                "zendframework/zend-config": "2.5.1",
                "zendframework/zend-eventmanager": "2.5.1",
                "zendframework/zend-filter": "2.5.1",
                "zendframework/zend-i18n": "2.5.1",
                "zendframework/zend-json": "2.5.1",
                "zendframework/zend-math": "2.5.1",
                "zendframework/zend-serializer": "2.5.*",
                "zendframework/zend-servicemanager": "2.5.*",
                "zendframework/zend-stdlib": "2.5.1"
            },
            "suggest": {
                "league/oauth2-google": "Needed for Google XOAUTH2 authentication"
            },
            "type": "library",
            "autoload": {
                "classmap": [
                    "class.phpmailer.php",
                    "class.phpmaileroauth.php",
                    "class.phpmaileroauthgoogle.php",
                    "class.smtp.php",
                    "class.pop3.php",
                    "extras/EasyPeasyICS.php",
                    "extras/ntlm_sasl_client.php"
                ]
            },
            "notification-url": "https://packagist.org/downloads/",
            "license": [
                "LGPL-2.1"
            ],
            "authors": [
                {
                    "name": "Jim Jagielski",
                    "email": "jimjag@gmail.com"
                },
                {
                    "name": "Marcus Bointon",
                    "email": "phpmailer@synchromedia.co.uk"
                },
                {
                    "name": "Andy Prevost",
                    "email": "codeworxtech@users.sourceforge.net"
                },
                {
                    "name": "Brent R. Matzelle"
                }
            ],
            "description": "PHPMailer is a full-featured email creation and transfer class for PHP",
            "time": "2017-03-15 19:32:56"
        }
    ],
    "packages-dev": [],
    "aliases": [],
    "minimum-stability": "stable",
    "stability-flags": [],
    "prefer-stable": false,
    "prefer-lowest": false,
    "platform": [],
    "platform-dev": []
}
